{
  "version": 4,
  "terraform_version": "1.2.0",
  "serial": 229,
  "lineage": "b5e80464-0cb6-eb0b-5f51-c168ce7c9a60",
  "outputs": {},
  "resources": [
    {
      "mode": "data",
      "type": "aws_caller_identity",
      "name": "current",
      "provider": "provider[\"registry.terraform.io/hashicorp/aws\"]",
      "instances": [
        {
          "schema_version": 0,
          "attributes": {
            "account_id": "940401905947",
            "arn": "arn:aws:iam::940401905947:user/elvis",
            "id": "940401905947",
            "user_id": "AIDA5V5CSKENZQZWJ53ZE"
          },
          "sensitive_attributes": []
        }
      ]
    },
    {
      "mode": "data",
      "type": "aws_eks_cluster",
      "name": "eks-cluster",
      "provider": "provider[\"registry.terraform.io/hashicorp/aws\"]",
      "instances": [
        {
          "schema_version": 0,
          "attributes": {
            "arn": "arn:aws:eks:eu-central-1:940401905947:cluster/eks-cluster",
            "certificate_authority": [
              {
                "data": "LS0tLS1CRUdJTiBDRVJUSUZJQ0FURS0tLS0tCk1JSUMvakNDQWVhZ0F3SUJBZ0lCQURBTkJna3Foa2lHOXcwQkFRc0ZBREFWTVJNd0VRWURWUVFERXdwcmRXSmwKY201bGRHVnpNQjRYRFRJeU1EWXhOakF4TWpjMU5sb1hEVE15TURZeE16QXhNamMxTmxvd0ZURVRNQkVHQTFVRQpBeE1LYTNWaVpYSnVaWFJsY3pDQ0FTSXdEUVlKS29aSWh2Y05BUUVCQlFBRGdnRVBBRENDQVFvQ2dnRUJBSzZqCmJNR3F3TFpvWWt2SGhkYjZPQ0ZTVFc2aUowc3NuVkovOENqbG0rVU5zUzYvTStRR1FHS2l0R1FCem1XVC9rRnIKZXZiTHV2aGdxVjRjZUw4WkNIMUs5eHVHaEJ4ajNtejZ6eFVCWDV1REtITXdETXdpblJqUXk1Y2NxTTVqWjhHcwp2MlkrM0tuQ2FZbGxEZFcwb0hwa0hESFpqcGR6Z3RvclBib1V2ZFNETGVCRkI5L3k0ZGxabit6UVJ6anF1c0lCCnZLbU4yem9YYVJxbFRNSUFMWHNSbnYvS2RLQUZhdlR1TElNUDFJcEFmazIxbHF1V3FUVFNQZy9HMTd1NGFURW8Kb29nVHNtU2Z1THBQODhjdCsrdEcwM0tkWkRXMkUvaTFIU1FhNFR6TFNOVzE0amxYNFIwTkpkanREMTBFR3J5RwpPZWx2ei9tbzhaazVBclRNVmhVQ0F3RUFBYU5aTUZjd0RnWURWUjBQQVFIL0JBUURBZ0trTUE4R0ExVWRFd0VCCi93UUZNQU1CQWY4d0hRWURWUjBPQkJZRUZJRHA4U3RqRVF1cURGU2haeHgxaFdVMXZubkpNQlVHQTFVZEVRUU8KTUF5Q0NtdDFZbVZ5Ym1WMFpYTXdEUVlKS29aSWh2Y05BUUVMQlFBRGdnRUJBQ0JiR0dPajk3amwvMHlCRHdPLwo3UjlHd0FYb1Jpdnd1UFY5ekN1dEFLanVDRXFMNkhCaUovQ1B2RUNZSUdxZk5LbHlSOTZoZWlzaEI5Ny92MXBYCnBWbHRLZHFoMU9SNHdpL3lPVCswTVlNaW1uVDZwMU1GUkd4NE5DNmo0NUJzaGtQUGR1SHlsN3NheVhTTHVGN3MKYjd6MXRiUUE2TUdUVmVZR1dOeElKZTNYUGVkOGtNNndvMTlBSWY3KzNOL0FaRjNtMUhxVGkxS3lFNjMyTmxJRgpTd3hYQThhazhkSFBsWURWNEtCVjU2eGtoMVhwTkVhek8wSWMrbDQrcE1IMkNQZElvQjlBY09ML0dzakdOZTNaCmpwbW9jTEFlNm9ELzI3MFRRUkhvTWUvbzgzNzR6emk0WnRWT0lWZEFZY3BoU1NUdGRrUmQzQXY5Wmd0eS8wc1gKMXRRPQotLS0tLUVORCBDRVJUSUZJQ0FURS0tLS0tCg=="
              }
            ],
            "created_at": "2022-06-16 01:22:38.117 +0000 UTC",
            "enabled_cluster_log_types": [],
            "endpoint": "https://F256D5DD8858EB1B71C95830B1D471F4.gr7.eu-central-1.eks.amazonaws.com",
            "id": "eks-cluster",
            "identity": [
              {
                "oidc": [
                  {
                    "issuer": "https://oidc.eks.eu-central-1.amazonaws.com/id/F256D5DD8858EB1B71C95830B1D471F4"
                  }
                ]
              }
            ],
            "kubernetes_network_config": [
              {
                "ip_family": "ipv4",
                "service_ipv4_cidr": "10.100.0.0/16"
              }
            ],
            "name": "eks-cluster",
            "platform_version": "eks.2",
            "role_arn": "arn:aws:iam::940401905947:role/EKSClusterRole",
            "status": "ACTIVE",
            "tags": {},
            "version": "1.22",
            "vpc_config": [
              {
                "cluster_security_group_id": "sg-04ede822c72f30e80",
                "endpoint_private_access": false,
                "endpoint_public_access": true,
                "public_access_cidrs": [
                  "0.0.0.0/0"
                ],
                "security_group_ids": [
                  "sg-02dc240108d0171f8"
                ],
                "subnet_ids": [
                  "subnet-0093dd4d23a5e9647",
                  "subnet-0536a8a5ee1f66e18",
                  "subnet-08321a3f638ce65cc",
                  "subnet-0ddb845b8e6e6dea9"
                ],
                "vpc_id": "vpc-07ddc8300fdec1db8"
              }
            ]
          },
          "sensitive_attributes": []
        }
      ]
    },
    {
      "mode": "data",
      "type": "aws_region",
      "name": "current",
      "provider": "provider[\"registry.terraform.io/hashicorp/aws\"]",
      "instances": [
        {
          "schema_version": 0,
          "attributes": {
            "description": "Europe (Frankfurt)",
            "endpoint": "ec2.eu-central-1.amazonaws.com",
            "id": "eu-central-1",
            "name": "eu-central-1"
          },
          "sensitive_attributes": []
        }
      ]
    },
    {
      "mode": "managed",
      "type": "aws_eks_addon",
      "name": "addons",
      "provider": "provider[\"registry.terraform.io/hashicorp/aws\"]",
      "instances": [
        {
          "index_key": "aws-ebs-csi-driver",
          "schema_version": 0,
          "attributes": {
            "addon_name": "aws-ebs-csi-driver",
            "addon_version": "v1.6.2-eksbuild.0",
            "arn": "arn:aws:eks:eu-central-1:940401905947:addon/eks-cluster/aws-ebs-csi-driver/14c0b513-9a84-1343-18e0-58a18f0ecf95",
            "cluster_name": "eks-cluster",
            "created_at": "2022-06-16T01:36:03Z",
            "id": "eks-cluster:aws-ebs-csi-driver",
            "modified_at": "2022-06-16T01:37:11Z",
            "preserve": null,
            "resolve_conflicts": "OVERWRITE",
            "service_account_role_arn": "",
            "tags": {},
            "tags_all": {}
          },
          "sensitive_attributes": [],
          "private": "bnVsbA==",
          "dependencies": [
            "aws_eks_cluster.eks-cluster",
            "aws_iam_role.EKSClusterRole",
            "aws_iam_role_policy_attachment.AmazonEKSClusterPolicy",
            "module.aws_vpc.aws_security_group.sec_groups",
            "module.aws_vpc.aws_subnet.private_subnets",
            "module.aws_vpc.aws_subnet.public_subnets",
            "module.aws_vpc.aws_vpc.custom_vpc"
          ]
        },
        {
          "index_key": "coredns",
          "schema_version": 0,
          "attributes": {
            "addon_name": "coredns",
            "addon_version": "v1.8.7-eksbuild.1",
            "arn": "arn:aws:eks:eu-central-1:940401905947:addon/eks-cluster/coredns/48c0b513-96ba-3a15-e372-fee195c88d51",
            "cluster_name": "eks-cluster",
            "created_at": "2022-06-16T01:36:01Z",
            "id": "eks-cluster:coredns",
            "modified_at": "2022-06-16T01:36:38Z",
            "preserve": null,
            "resolve_conflicts": "OVERWRITE",
            "service_account_role_arn": "",
            "tags": {},
            "tags_all": {}
          },
          "sensitive_attributes": [],
          "private": "bnVsbA==",
          "dependencies": [
            "aws_eks_cluster.eks-cluster",
            "aws_iam_role.EKSClusterRole",
            "aws_iam_role_policy_attachment.AmazonEKSClusterPolicy",
            "module.aws_vpc.aws_security_group.sec_groups",
            "module.aws_vpc.aws_subnet.private_subnets",
            "module.aws_vpc.aws_subnet.public_subnets",
            "module.aws_vpc.aws_vpc.custom_vpc"
          ]
        },
        {
          "index_key": "kube-proxy",
          "schema_version": 0,
          "attributes": {
            "addon_name": "kube-proxy",
            "addon_version": "v1.22.6-eksbuild.1",
            "arn": "arn:aws:eks:eu-central-1:940401905947:addon/eks-cluster/kube-proxy/9ac0b511-7cf5-3c5e-cb81-e3776adcb4a5",
            "cluster_name": "eks-cluster",
            "created_at": "2022-06-16T01:31:26Z",
            "id": "eks-cluster:kube-proxy",
            "modified_at": "2022-06-16T01:31:27Z",
            "preserve": null,
            "resolve_conflicts": "OVERWRITE",
            "service_account_role_arn": "",
            "tags": {},
            "tags_all": {}
          },
          "sensitive_attributes": [],
          "private": "bnVsbA==",
          "dependencies": [
            "aws_eks_cluster.eks-cluster",
            "aws_iam_role.EKSClusterRole",
            "aws_iam_role_policy_attachment.AmazonEKSClusterPolicy",
            "module.aws_vpc.aws_security_group.sec_groups",
            "module.aws_vpc.aws_subnet.private_subnets",
            "module.aws_vpc.aws_subnet.public_subnets",
            "module.aws_vpc.aws_vpc.custom_vpc"
          ]
        },
        {
          "index_key": "vpc-cni",
          "schema_version": 0,
          "attributes": {
            "addon_name": "vpc-cni",
            "addon_version": "v1.11.0-eksbuild.1",
            "arn": "arn:aws:eks:eu-central-1:940401905947:addon/eks-cluster/vpc-cni/1ec0b511-7cf9-9690-6efa-6298f091e7a5",
            "cluster_name": "eks-cluster",
            "created_at": "2022-06-16T01:31:26Z",
            "id": "eks-cluster:vpc-cni",
            "modified_at": "2022-06-16T01:31:27Z",
            "preserve": null,
            "resolve_conflicts": "OVERWRITE",
            "service_account_role_arn": "",
            "tags": {},
            "tags_all": {}
          },
          "sensitive_attributes": [],
          "private": "bnVsbA==",
          "dependencies": [
            "aws_eks_cluster.eks-cluster",
            "aws_iam_role.EKSClusterRole",
            "aws_iam_role_policy_attachment.AmazonEKSClusterPolicy",
            "module.aws_vpc.aws_security_group.sec_groups",
            "module.aws_vpc.aws_subnet.private_subnets",
            "module.aws_vpc.aws_subnet.public_subnets",
            "module.aws_vpc.aws_vpc.custom_vpc"
          ]
        }
      ]
    },
    {
      "mode": "managed",
      "type": "aws_eks_cluster",
      "name": "eks-cluster",
      "provider": "provider[\"registry.terraform.io/hashicorp/aws\"]",
      "instances": [
        {
          "schema_version": 0,
          "attributes": {
            "arn": "arn:aws:eks:eu-central-1:940401905947:cluster/eks-cluster",
            "certificate_authority": [
              {
                "data": "LS0tLS1CRUdJTiBDRVJUSUZJQ0FURS0tLS0tCk1JSUMvakNDQWVhZ0F3SUJBZ0lCQURBTkJna3Foa2lHOXcwQkFRc0ZBREFWTVJNd0VRWURWUVFERXdwcmRXSmwKY201bGRHVnpNQjRYRFRJeU1EWXhOakF4TWpjMU5sb1hEVE15TURZeE16QXhNamMxTmxvd0ZURVRNQkVHQTFVRQpBeE1LYTNWaVpYSnVaWFJsY3pDQ0FTSXdEUVlKS29aSWh2Y05BUUVCQlFBRGdnRVBBRENDQVFvQ2dnRUJBSzZqCmJNR3F3TFpvWWt2SGhkYjZPQ0ZTVFc2aUowc3NuVkovOENqbG0rVU5zUzYvTStRR1FHS2l0R1FCem1XVC9rRnIKZXZiTHV2aGdxVjRjZUw4WkNIMUs5eHVHaEJ4ajNtejZ6eFVCWDV1REtITXdETXdpblJqUXk1Y2NxTTVqWjhHcwp2MlkrM0tuQ2FZbGxEZFcwb0hwa0hESFpqcGR6Z3RvclBib1V2ZFNETGVCRkI5L3k0ZGxabit6UVJ6anF1c0lCCnZLbU4yem9YYVJxbFRNSUFMWHNSbnYvS2RLQUZhdlR1TElNUDFJcEFmazIxbHF1V3FUVFNQZy9HMTd1NGFURW8Kb29nVHNtU2Z1THBQODhjdCsrdEcwM0tkWkRXMkUvaTFIU1FhNFR6TFNOVzE0amxYNFIwTkpkanREMTBFR3J5RwpPZWx2ei9tbzhaazVBclRNVmhVQ0F3RUFBYU5aTUZjd0RnWURWUjBQQVFIL0JBUURBZ0trTUE4R0ExVWRFd0VCCi93UUZNQU1CQWY4d0hRWURWUjBPQkJZRUZJRHA4U3RqRVF1cURGU2haeHgxaFdVMXZubkpNQlVHQTFVZEVRUU8KTUF5Q0NtdDFZbVZ5Ym1WMFpYTXdEUVlKS29aSWh2Y05BUUVMQlFBRGdnRUJBQ0JiR0dPajk3amwvMHlCRHdPLwo3UjlHd0FYb1Jpdnd1UFY5ekN1dEFLanVDRXFMNkhCaUovQ1B2RUNZSUdxZk5LbHlSOTZoZWlzaEI5Ny92MXBYCnBWbHRLZHFoMU9SNHdpL3lPVCswTVlNaW1uVDZwMU1GUkd4NE5DNmo0NUJzaGtQUGR1SHlsN3NheVhTTHVGN3MKYjd6MXRiUUE2TUdUVmVZR1dOeElKZTNYUGVkOGtNNndvMTlBSWY3KzNOL0FaRjNtMUhxVGkxS3lFNjMyTmxJRgpTd3hYQThhazhkSFBsWURWNEtCVjU2eGtoMVhwTkVhek8wSWMrbDQrcE1IMkNQZElvQjlBY09ML0dzakdOZTNaCmpwbW9jTEFlNm9ELzI3MFRRUkhvTWUvbzgzNzR6emk0WnRWT0lWZEFZY3BoU1NUdGRrUmQzQXY5Wmd0eS8wc1gKMXRRPQotLS0tLUVORCBDRVJUSUZJQ0FURS0tLS0tCg=="
              }
            ],
            "created_at": "2022-06-16 01:22:38.117 +0000 UTC",
            "enabled_cluster_log_types": [],
            "encryption_config": [],
            "endpoint": "https://F256D5DD8858EB1B71C95830B1D471F4.gr7.eu-central-1.eks.amazonaws.com",
            "id": "eks-cluster",
            "identity": [
              {
                "oidc": [
                  {
                    "issuer": "https://oidc.eks.eu-central-1.amazonaws.com/id/F256D5DD8858EB1B71C95830B1D471F4"
                  }
                ]
              }
            ],
            "kubernetes_network_config": [
              {
                "ip_family": "ipv4",
                "service_ipv4_cidr": "10.100.0.0/16"
              }
            ],
            "name": "eks-cluster",
            "platform_version": "eks.2",
            "role_arn": "arn:aws:iam::940401905947:role/EKSClusterRole",
            "status": "ACTIVE",
            "tags": {},
            "tags_all": {},
            "timeouts": null,
            "version": "1.22",
            "vpc_config": [
              {
                "cluster_security_group_id": "sg-04ede822c72f30e80",
                "endpoint_private_access": false,
                "endpoint_public_access": true,
                "public_access_cidrs": [
                  "0.0.0.0/0"
                ],
                "security_group_ids": [
                  "sg-02dc240108d0171f8"
                ],
                "subnet_ids": [
                  "subnet-0093dd4d23a5e9647",
                  "subnet-0536a8a5ee1f66e18",
                  "subnet-08321a3f638ce65cc",
                  "subnet-0ddb845b8e6e6dea9"
                ],
                "vpc_id": "vpc-07ddc8300fdec1db8"
              }
            ]
          },
          "sensitive_attributes": [],
          "private": "eyJlMmJmYjczMC1lY2FhLTExZTYtOGY4OC0zNDM2M2JjN2M0YzAiOnsiY3JlYXRlIjoxODAwMDAwMDAwMDAwLCJkZWxldGUiOjkwMDAwMDAwMDAwMCwidXBkYXRlIjozNjAwMDAwMDAwMDAwfX0=",
          "dependencies": [
            "aws_iam_role.EKSClusterRole",
            "aws_iam_role_policy_attachment.AmazonEKSClusterPolicy",
            "module.aws_vpc.aws_security_group.sec_groups",
            "module.aws_vpc.aws_subnet.private_subnets",
            "module.aws_vpc.aws_subnet.public_subnets",
            "module.aws_vpc.aws_vpc.custom_vpc"
          ]
        }
      ]
    },
    {
      "mode": "managed",
      "type": "aws_eks_node_group",
      "name": "node-ec2",
      "provider": "provider[\"registry.terraform.io/hashicorp/aws\"]",
      "instances": [
        {
          "index_key": "t3-micro-spot",
          "schema_version": 0,
          "attributes": {
            "ami_type": "AL2_x86_64",
            "arn": "arn:aws:eks:eu-central-1:940401905947:nodegroup/eks-cluster/t3-micro-spot/c4c0b511-7cf6-fc0d-7405-7effa5f9318f",
            "capacity_type": "SPOT",
            "cluster_name": "eks-cluster",
            "disk_size": 20,
            "force_update_version": null,
            "id": "eks-cluster:t3-micro-spot",
            "instance_types": [
              "t3.micro"
            ],
            "labels": {},
            "launch_template": [],
            "node_group_name": "t3-micro-spot",
            "node_group_name_prefix": "",
            "node_role_arn": "arn:aws:iam::940401905947:role/EKSNodeGroupRole",
            "release_version": "1.22.9-20220610",
            "remote_access": [],
            "resources": [
              {
                "autoscaling_groups": [
                  {
                    "name": "eks-t3-micro-spot-c4c0b511-7cf6-fc0d-7405-7effa5f9318f"
                  }
                ],
                "remote_access_security_group_id": ""
              }
            ],
            "scaling_config": [
              {
                "desired_size": 2,
                "max_size": 3,
                "min_size": 1
              }
            ],
            "status": "ACTIVE",
            "subnet_ids": [
              "subnet-0536a8a5ee1f66e18",
              "subnet-08321a3f638ce65cc"
            ],
            "tags": {},
            "tags_all": {},
            "taint": [],
            "timeouts": null,
            "update_config": [
              {
                "max_unavailable": 1,
                "max_unavailable_percentage": 0
              }
            ],
            "version": "1.22"
          },
          "sensitive_attributes": [],
          "private": "eyJlMmJmYjczMC1lY2FhLTExZTYtOGY4OC0zNDM2M2JjN2M0YzAiOnsiY3JlYXRlIjozNjAwMDAwMDAwMDAwLCJkZWxldGUiOjM2MDAwMDAwMDAwMDAsInVwZGF0ZSI6MzYwMDAwMDAwMDAwMH19",
          "dependencies": [
            "aws_eks_cluster.eks-cluster",
            "aws_iam_role.EKSClusterRole",
            "aws_iam_role.NodeGroupRole",
            "aws_iam_role_policy_attachment.AmazonEC2ContainerRegistryReadOnly",
            "aws_iam_role_policy_attachment.AmazonEKSClusterPolicy",
            "aws_iam_role_policy_attachment.AmazonEKSWorkerNodePolicy",
            "aws_iam_role_policy_attachment.AmazonEKS_CNI_Policy",
            "module.aws_vpc.aws_security_group.sec_groups",
            "module.aws_vpc.aws_subnet.private_subnets",
            "module.aws_vpc.aws_subnet.public_subnets",
            "module.aws_vpc.aws_vpc.custom_vpc"
          ]
        },
        {
          "index_key": "t3-micro-standard",
          "schema_version": 0,
          "attributes": {
            "ami_type": "AL2_x86_64",
            "arn": "arn:aws:eks:eu-central-1:940401905947:nodegroup/eks-cluster/t3-micro-standard/1ac0b511-7cf6-aae4-a20c-fb5ef58b66e0",
            "capacity_type": "ON_DEMAND",
            "cluster_name": "eks-cluster",
            "disk_size": 20,
            "force_update_version": null,
            "id": "eks-cluster:t3-micro-standard",
            "instance_types": [
              "t3.micro"
            ],
            "labels": {},
            "launch_template": [],
            "node_group_name": "t3-micro-standard",
            "node_group_name_prefix": "",
            "node_role_arn": "arn:aws:iam::940401905947:role/EKSNodeGroupRole",
            "release_version": "1.22.9-20220610",
            "remote_access": [],
            "resources": [
              {
                "autoscaling_groups": [
                  {
                    "name": "eks-t3-micro-standard-1ac0b511-7cf6-aae4-a20c-fb5ef58b66e0"
                  }
                ],
                "remote_access_security_group_id": ""
              }
            ],
            "scaling_config": [
              {
                "desired_size": 2,
                "max_size": 3,
                "min_size": 1
              }
            ],
            "status": "ACTIVE",
            "subnet_ids": [
              "subnet-0536a8a5ee1f66e18",
              "subnet-08321a3f638ce65cc"
            ],
            "tags": {},
            "tags_all": {},
            "taint": [],
            "timeouts": null,
            "update_config": [
              {
                "max_unavailable": 1,
                "max_unavailable_percentage": 0
              }
            ],
            "version": "1.22"
          },
          "sensitive_attributes": [],
          "private": "eyJlMmJmYjczMC1lY2FhLTExZTYtOGY4OC0zNDM2M2JjN2M0YzAiOnsiY3JlYXRlIjozNjAwMDAwMDAwMDAwLCJkZWxldGUiOjM2MDAwMDAwMDAwMDAsInVwZGF0ZSI6MzYwMDAwMDAwMDAwMH19",
          "dependencies": [
            "aws_eks_cluster.eks-cluster",
            "aws_iam_role.EKSClusterRole",
            "aws_iam_role.NodeGroupRole",
            "aws_iam_role_policy_attachment.AmazonEC2ContainerRegistryReadOnly",
            "aws_iam_role_policy_attachment.AmazonEKSClusterPolicy",
            "aws_iam_role_policy_attachment.AmazonEKSWorkerNodePolicy",
            "aws_iam_role_policy_attachment.AmazonEKS_CNI_Policy",
            "module.aws_vpc.aws_security_group.sec_groups",
            "module.aws_vpc.aws_subnet.private_subnets",
            "module.aws_vpc.aws_subnet.public_subnets",
            "module.aws_vpc.aws_vpc.custom_vpc"
          ]
        }
      ]
    },
    {
      "mode": "managed",
      "type": "aws_iam_openid_connect_provider",
      "name": "default",
      "provider": "provider[\"registry.terraform.io/hashicorp/aws\"]",
      "instances": [
        {
          "schema_version": 0,
          "attributes": {
            "arn": "arn:aws:iam::940401905947:oidc-provider/oidc.eks.eu-central-1.amazonaws.com/id/F256D5DD8858EB1B71C95830B1D471F4",
            "client_id_list": [
              "sts.amazonaws.com"
            ],
            "id": "arn:aws:iam::940401905947:oidc-provider/oidc.eks.eu-central-1.amazonaws.com/id/F256D5DD8858EB1B71C95830B1D471F4",
            "tags": {},
            "tags_all": {},
            "thumbprint_list": [
              "9e99a48a9960b14926bb7f3b02e22da2b0ab7280"
            ],
            "url": "oidc.eks.eu-central-1.amazonaws.com/id/F256D5DD8858EB1B71C95830B1D471F4"
          },
          "sensitive_attributes": [],
          "private": "bnVsbA==",
          "dependencies": [
            "aws_eks_cluster.eks-cluster",
            "aws_iam_role.EKSClusterRole",
            "aws_iam_role_policy_attachment.AmazonEKSClusterPolicy",
            "data.aws_eks_cluster.eks-cluster",
            "module.aws_vpc.aws_security_group.sec_groups",
            "module.aws_vpc.aws_subnet.private_subnets",
            "module.aws_vpc.aws_subnet.public_subnets",
            "module.aws_vpc.aws_vpc.custom_vpc"
          ]
        }
      ]
    },
    {
      "mode": "managed",
      "type": "aws_iam_role",
      "name": "EKSClusterRole",
      "provider": "provider[\"registry.terraform.io/hashicorp/aws\"]",
      "instances": [
        {
          "schema_version": 0,
          "attributes": {
            "arn": "arn:aws:iam::940401905947:role/EKSClusterRole",
            "assume_role_policy": "{\"Version\":\"2012-10-17\",\"Statement\":[{\"Effect\":\"Allow\",\"Principal\":{\"Service\":\"eks.amazonaws.com\"},\"Action\":\"sts:AssumeRole\"}]}",
            "create_date": "2022-06-16T00:36:33Z",
            "description": "",
            "force_detach_policies": false,
            "id": "EKSClusterRole",
            "inline_policy": [
              {
                "name": "",
                "policy": ""
              }
            ],
            "managed_policy_arns": [
              "arn:aws:iam::aws:policy/AmazonEKSClusterPolicy"
            ],
            "max_session_duration": 3600,
            "name": "EKSClusterRole",
            "name_prefix": "",
            "path": "/",
            "permissions_boundary": null,
            "tags": {},
            "tags_all": {},
            "unique_id": "AROA5V5CSKEN3LDL3VGQQ"
          },
          "sensitive_attributes": [],
          "private": "bnVsbA=="
        }
      ]
    },
    {
      "mode": "managed",
      "type": "aws_iam_role",
      "name": "NodeGroupRole",
      "provider": "provider[\"registry.terraform.io/hashicorp/aws\"]",
      "instances": [
        {
          "schema_version": 0,
          "attributes": {
            "arn": "arn:aws:iam::940401905947:role/EKSNodeGroupRole",
            "assume_role_policy": "{\"Version\":\"2012-10-17\",\"Statement\":[{\"Effect\":\"Allow\",\"Principal\":{\"Service\":\"ec2.amazonaws.com\"},\"Action\":\"sts:AssumeRole\"}]}",
            "create_date": "2022-06-16T00:36:33Z",
            "description": "",
            "force_detach_policies": false,
            "id": "EKSNodeGroupRole",
            "inline_policy": [
              {
                "name": "",
                "policy": ""
              }
            ],
            "managed_policy_arns": [
              "arn:aws:iam::aws:policy/AmazonEC2ContainerRegistryReadOnly",
              "arn:aws:iam::aws:policy/AmazonEKSWorkerNodePolicy",
              "arn:aws:iam::aws:policy/AmazonEKS_CNI_Policy"
            ],
            "max_session_duration": 3600,
            "name": "EKSNodeGroupRole",
            "name_prefix": "",
            "path": "/",
            "permissions_boundary": null,
            "tags": {},
            "tags_all": {},
            "unique_id": "AROA5V5CSKEN355SX6ITG"
          },
          "sensitive_attributes": [],
          "private": "bnVsbA=="
        }
      ]
    },
    {
      "mode": "managed",
      "type": "aws_iam_role_policy_attachment",
      "name": "AmazonEC2ContainerRegistryReadOnly",
      "provider": "provider[\"registry.terraform.io/hashicorp/aws\"]",
      "instances": [
        {
          "schema_version": 0,
          "attributes": {
            "id": "EKSNodeGroupRole-20220616003634410600000004",
            "policy_arn": "arn:aws:iam::aws:policy/AmazonEC2ContainerRegistryReadOnly",
            "role": "EKSNodeGroupRole"
          },
          "sensitive_attributes": [],
          "private": "bnVsbA==",
          "dependencies": [
            "aws_iam_role.NodeGroupRole"
          ]
        }
      ]
    },
    {
      "mode": "managed",
      "type": "aws_iam_role_policy_attachment",
      "name": "AmazonEKSClusterPolicy",
      "provider": "provider[\"registry.terraform.io/hashicorp/aws\"]",
      "instances": [
        {
          "schema_version": 0,
          "attributes": {
            "id": "EKSClusterRole-20220616003634247600000001",
            "policy_arn": "arn:aws:iam::aws:policy/AmazonEKSClusterPolicy",
            "role": "EKSClusterRole"
          },
          "sensitive_attributes": [],
          "private": "bnVsbA==",
          "dependencies": [
            "aws_iam_role.EKSClusterRole"
          ]
        }
      ]
    },
    {
      "mode": "managed",
      "type": "aws_iam_role_policy_attachment",
      "name": "AmazonEKSWorkerNodePolicy",
      "provider": "provider[\"registry.terraform.io/hashicorp/aws\"]",
      "instances": [
        {
          "schema_version": 0,
          "attributes": {
            "id": "EKSNodeGroupRole-20220616003634248600000002",
            "policy_arn": "arn:aws:iam::aws:policy/AmazonEKSWorkerNodePolicy",
            "role": "EKSNodeGroupRole"
          },
          "sensitive_attributes": [],
          "private": "bnVsbA==",
          "dependencies": [
            "aws_iam_role.NodeGroupRole"
          ]
        }
      ]
    },
    {
      "mode": "managed",
      "type": "aws_iam_role_policy_attachment",
      "name": "AmazonEKS_CNI_Policy",
      "provider": "provider[\"registry.terraform.io/hashicorp/aws\"]",
      "instances": [
        {
          "schema_version": 0,
          "attributes": {
            "id": "EKSNodeGroupRole-20220616003634404600000003",
            "policy_arn": "arn:aws:iam::aws:policy/AmazonEKS_CNI_Policy",
            "role": "EKSNodeGroupRole"
          },
          "sensitive_attributes": [],
          "private": "bnVsbA==",
          "dependencies": [
            "aws_iam_role.NodeGroupRole"
          ]
        }
      ]
    },
    {
      "module": "module.aws_vpc",
      "mode": "managed",
      "type": "aws_eip",
      "name": "elastic_ip",
      "provider": "module.aws_vpc.provider[\"registry.terraform.io/hashicorp/aws\"]",
      "instances": [
        {
          "index_key": 0,
          "schema_version": 0,
          "attributes": {
            "address": null,
            "allocation_id": "eipalloc-0fe7a782456fab450",
            "associate_with_private_ip": null,
            "association_id": "eipassoc-05d1888e5b4c5acb0",
            "carrier_ip": "",
            "customer_owned_ip": "",
            "customer_owned_ipv4_pool": "",
            "domain": "vpc",
            "id": "eipalloc-0fe7a782456fab450",
            "instance": "",
            "network_border_group": "eu-central-1",
            "network_interface": "eni-0ab4df3c107276bca",
            "private_dns": "ip-141-0-1-13.eu-central-1.compute.internal",
            "private_ip": "141.0.1.13",
            "public_dns": "ec2-3-73-142-184.eu-central-1.compute.amazonaws.com",
            "public_ip": "3.73.142.184",
            "public_ipv4_pool": "amazon",
            "tags": {
              "Name": "eip-0"
            },
            "tags_all": {
              "Name": "eip-0"
            },
            "timeouts": null,
            "vpc": true
          },
          "sensitive_attributes": [],
          "private": "eyJlMmJmYjczMC1lY2FhLTExZTYtOGY4OC0zNDM2M2JjN2M0YzAiOnsiZGVsZXRlIjoxODAwMDAwMDAwMDAsInJlYWQiOjkwMDAwMDAwMDAwMCwidXBkYXRlIjozMDAwMDAwMDAwMDB9fQ==",
          "dependencies": [
            "module.aws_vpc.aws_internet_gateway.i_gateway",
            "module.aws_vpc.aws_vpc.custom_vpc"
          ]
        },
        {
          "index_key": 1,
          "schema_version": 0,
          "attributes": {
            "address": null,
            "allocation_id": "eipalloc-0736861711a9f9bd3",
            "associate_with_private_ip": null,
            "association_id": "eipassoc-0dc3640276020d49a",
            "carrier_ip": "",
            "customer_owned_ip": "",
            "customer_owned_ipv4_pool": "",
            "domain": "vpc",
            "id": "eipalloc-0736861711a9f9bd3",
            "instance": "",
            "network_border_group": "eu-central-1",
            "network_interface": "eni-0a36a768ec8ef5e26",
            "private_dns": "ip-141-0-2-140.eu-central-1.compute.internal",
            "private_ip": "141.0.2.140",
            "public_dns": "ec2-3-72-123-108.eu-central-1.compute.amazonaws.com",
            "public_ip": "3.72.123.108",
            "public_ipv4_pool": "amazon",
            "tags": {
              "Name": "eip-1"
            },
            "tags_all": {
              "Name": "eip-1"
            },
            "timeouts": null,
            "vpc": true
          },
          "sensitive_attributes": [],
          "private": "eyJlMmJmYjczMC1lY2FhLTExZTYtOGY4OC0zNDM2M2JjN2M0YzAiOnsiZGVsZXRlIjoxODAwMDAwMDAwMDAsInJlYWQiOjkwMDAwMDAwMDAwMCwidXBkYXRlIjozMDAwMDAwMDAwMDB9fQ==",
          "dependencies": [
            "module.aws_vpc.aws_internet_gateway.i_gateway",
            "module.aws_vpc.aws_vpc.custom_vpc"
          ]
        }
      ]
    },
    {
      "module": "module.aws_vpc",
      "mode": "managed",
      "type": "aws_internet_gateway",
      "name": "i_gateway",
      "provider": "module.aws_vpc.provider[\"registry.terraform.io/hashicorp/aws\"]",
      "instances": [
        {
          "schema_version": 0,
          "attributes": {
            "arn": "arn:aws:ec2:eu-central-1:940401905947:internet-gateway/igw-0ec23d25e25241442",
            "id": "igw-0ec23d25e25241442",
            "owner_id": "940401905947",
            "tags": {
              "Name": "i_gateway"
            },
            "tags_all": {
              "Name": "i_gateway"
            },
            "vpc_id": "vpc-07ddc8300fdec1db8"
          },
          "sensitive_attributes": [],
          "private": "bnVsbA==",
          "dependencies": [
            "module.aws_vpc.aws_vpc.custom_vpc"
          ]
        }
      ]
    },
    {
      "module": "module.aws_vpc",
      "mode": "managed",
      "type": "aws_nat_gateway",
      "name": "nats",
      "provider": "module.aws_vpc.provider[\"registry.terraform.io/hashicorp/aws\"]",
      "instances": [
        {
          "index_key": 0,
          "schema_version": 0,
          "attributes": {
            "allocation_id": "eipalloc-0fe7a782456fab450",
            "connectivity_type": "public",
            "id": "nat-086531cc9ed3873cd",
            "network_interface_id": "eni-0ab4df3c107276bca",
            "private_ip": "141.0.1.13",
            "public_ip": "3.73.142.184",
            "subnet_id": "subnet-0093dd4d23a5e9647",
            "tags": {},
            "tags_all": {}
          },
          "sensitive_attributes": [],
          "private": "bnVsbA==",
          "dependencies": [
            "module.aws_vpc.aws_eip.elastic_ip",
            "module.aws_vpc.aws_internet_gateway.i_gateway",
            "module.aws_vpc.aws_subnet.public_subnets",
            "module.aws_vpc.aws_vpc.custom_vpc"
          ]
        },
        {
          "index_key": 1,
          "schema_version": 0,
          "attributes": {
            "allocation_id": "eipalloc-0736861711a9f9bd3",
            "connectivity_type": "public",
            "id": "nat-0636443c09a7b4b13",
            "network_interface_id": "eni-0a36a768ec8ef5e26",
            "private_ip": "141.0.2.140",
            "public_ip": "3.72.123.108",
            "subnet_id": "subnet-0ddb845b8e6e6dea9",
            "tags": {},
            "tags_all": {}
          },
          "sensitive_attributes": [],
          "private": "bnVsbA==",
          "dependencies": [
            "module.aws_vpc.aws_eip.elastic_ip",
            "module.aws_vpc.aws_internet_gateway.i_gateway",
            "module.aws_vpc.aws_subnet.public_subnets",
            "module.aws_vpc.aws_vpc.custom_vpc"
          ]
        }
      ]
    },
    {
      "module": "module.aws_vpc",
      "mode": "managed",
      "type": "aws_route",
      "name": "private_routes",
      "provider": "module.aws_vpc.provider[\"registry.terraform.io/hashicorp/aws\"]",
      "instances": [
        {
          "index_key": 0,
          "schema_version": 0,
          "attributes": {
            "carrier_gateway_id": "",
            "core_network_arn": "",
            "destination_cidr_block": "0.0.0.0/0",
            "destination_ipv6_cidr_block": "",
            "destination_prefix_list_id": "",
            "egress_only_gateway_id": "",
            "gateway_id": "",
            "id": "r-rtb-0c676716a32b6cea31080289494",
            "instance_id": "",
            "instance_owner_id": "",
            "local_gateway_id": "",
            "nat_gateway_id": "nat-086531cc9ed3873cd",
            "network_interface_id": "",
            "origin": "CreateRoute",
            "route_table_id": "rtb-0c676716a32b6cea3",
            "state": "active",
            "timeouts": null,
            "transit_gateway_id": "",
            "vpc_endpoint_id": "",
            "vpc_peering_connection_id": ""
          },
          "sensitive_attributes": [],
          "private": "eyJlMmJmYjczMC1lY2FhLTExZTYtOGY4OC0zNDM2M2JjN2M0YzAiOnsiY3JlYXRlIjozMDAwMDAwMDAwMDAsImRlbGV0ZSI6MzAwMDAwMDAwMDAwLCJ1cGRhdGUiOjEyMDAwMDAwMDAwMH19",
          "dependencies": [
            "module.aws_vpc.aws_eip.elastic_ip",
            "module.aws_vpc.aws_internet_gateway.i_gateway",
            "module.aws_vpc.aws_nat_gateway.nats",
            "module.aws_vpc.aws_route_table.private_tables",
            "module.aws_vpc.aws_subnet.public_subnets",
            "module.aws_vpc.aws_vpc.custom_vpc"
          ]
        },
        {
          "index_key": 1,
          "schema_version": 0,
          "attributes": {
            "carrier_gateway_id": "",
            "core_network_arn": "",
            "destination_cidr_block": "0.0.0.0/0",
            "destination_ipv6_cidr_block": "",
            "destination_prefix_list_id": "",
            "egress_only_gateway_id": "",
            "gateway_id": "",
            "id": "r-rtb-0d6998c64a39706b41080289494",
            "instance_id": "",
            "instance_owner_id": "",
            "local_gateway_id": "",
            "nat_gateway_id": "nat-0636443c09a7b4b13",
            "network_interface_id": "",
            "origin": "CreateRoute",
            "route_table_id": "rtb-0d6998c64a39706b4",
            "state": "active",
            "timeouts": null,
            "transit_gateway_id": "",
            "vpc_endpoint_id": "",
            "vpc_peering_connection_id": ""
          },
          "sensitive_attributes": [],
          "private": "eyJlMmJmYjczMC1lY2FhLTExZTYtOGY4OC0zNDM2M2JjN2M0YzAiOnsiY3JlYXRlIjozMDAwMDAwMDAwMDAsImRlbGV0ZSI6MzAwMDAwMDAwMDAwLCJ1cGRhdGUiOjEyMDAwMDAwMDAwMH19",
          "dependencies": [
            "module.aws_vpc.aws_eip.elastic_ip",
            "module.aws_vpc.aws_internet_gateway.i_gateway",
            "module.aws_vpc.aws_nat_gateway.nats",
            "module.aws_vpc.aws_route_table.private_tables",
            "module.aws_vpc.aws_subnet.public_subnets",
            "module.aws_vpc.aws_vpc.custom_vpc"
          ]
        }
      ]
    },
    {
      "module": "module.aws_vpc",
      "mode": "managed",
      "type": "aws_route",
      "name": "public_routes",
      "provider": "module.aws_vpc.provider[\"registry.terraform.io/hashicorp/aws\"]",
      "instances": [
        {
          "schema_version": 0,
          "attributes": {
            "carrier_gateway_id": "",
            "core_network_arn": "",
            "destination_cidr_block": "0.0.0.0/0",
            "destination_ipv6_cidr_block": "",
            "destination_prefix_list_id": "",
            "egress_only_gateway_id": "",
            "gateway_id": "igw-0ec23d25e25241442",
            "id": "r-rtb-038cda17e60f3c38c1080289494",
            "instance_id": "",
            "instance_owner_id": "",
            "local_gateway_id": "",
            "nat_gateway_id": "",
            "network_interface_id": "",
            "origin": "CreateRoute",
            "route_table_id": "rtb-038cda17e60f3c38c",
            "state": "active",
            "timeouts": null,
            "transit_gateway_id": "",
            "vpc_endpoint_id": "",
            "vpc_peering_connection_id": ""
          },
          "sensitive_attributes": [],
          "private": "eyJlMmJmYjczMC1lY2FhLTExZTYtOGY4OC0zNDM2M2JjN2M0YzAiOnsiY3JlYXRlIjozMDAwMDAwMDAwMDAsImRlbGV0ZSI6MzAwMDAwMDAwMDAwLCJ1cGRhdGUiOjEyMDAwMDAwMDAwMH19",
          "dependencies": [
            "module.aws_vpc.aws_internet_gateway.i_gateway",
            "module.aws_vpc.aws_route_table.public_table",
            "module.aws_vpc.aws_vpc.custom_vpc"
          ]
        }
      ]
    },
    {
      "module": "module.aws_vpc",
      "mode": "managed",
      "type": "aws_route_table",
      "name": "private_tables",
      "provider": "module.aws_vpc.provider[\"registry.terraform.io/hashicorp/aws\"]",
      "instances": [
        {
          "index_key": 0,
          "schema_version": 0,
          "attributes": {
            "arn": "arn:aws:ec2:eu-central-1:940401905947:route-table/rtb-0c676716a32b6cea3",
            "id": "rtb-0c676716a32b6cea3",
            "owner_id": "940401905947",
            "propagating_vgws": [],
            "route": [
              {
                "carrier_gateway_id": "",
                "cidr_block": "0.0.0.0/0",
                "core_network_arn": "",
                "destination_prefix_list_id": "",
                "egress_only_gateway_id": "",
                "gateway_id": "",
                "instance_id": "",
                "ipv6_cidr_block": "",
                "local_gateway_id": "",
                "nat_gateway_id": "nat-086531cc9ed3873cd",
                "network_interface_id": "",
                "transit_gateway_id": "",
                "vpc_endpoint_id": "",
                "vpc_peering_connection_id": ""
              }
            ],
            "tags": {},
            "tags_all": {},
            "timeouts": null,
            "vpc_id": "vpc-07ddc8300fdec1db8"
          },
          "sensitive_attributes": [],
          "private": "eyJlMmJmYjczMC1lY2FhLTExZTYtOGY4OC0zNDM2M2JjN2M0YzAiOnsiY3JlYXRlIjozMDAwMDAwMDAwMDAsImRlbGV0ZSI6MzAwMDAwMDAwMDAwLCJ1cGRhdGUiOjEyMDAwMDAwMDAwMH19",
          "dependencies": [
            "module.aws_vpc.aws_vpc.custom_vpc"
          ]
        },
        {
          "index_key": 1,
          "schema_version": 0,
          "attributes": {
            "arn": "arn:aws:ec2:eu-central-1:940401905947:route-table/rtb-0d6998c64a39706b4",
            "id": "rtb-0d6998c64a39706b4",
            "owner_id": "940401905947",
            "propagating_vgws": [],
            "route": [
              {
                "carrier_gateway_id": "",
                "cidr_block": "0.0.0.0/0",
                "core_network_arn": "",
                "destination_prefix_list_id": "",
                "egress_only_gateway_id": "",
                "gateway_id": "",
                "instance_id": "",
                "ipv6_cidr_block": "",
                "local_gateway_id": "",
                "nat_gateway_id": "nat-0636443c09a7b4b13",
                "network_interface_id": "",
                "transit_gateway_id": "",
                "vpc_endpoint_id": "",
                "vpc_peering_connection_id": ""
              }
            ],
            "tags": {},
            "tags_all": {},
            "timeouts": null,
            "vpc_id": "vpc-07ddc8300fdec1db8"
          },
          "sensitive_attributes": [],
          "private": "eyJlMmJmYjczMC1lY2FhLTExZTYtOGY4OC0zNDM2M2JjN2M0YzAiOnsiY3JlYXRlIjozMDAwMDAwMDAwMDAsImRlbGV0ZSI6MzAwMDAwMDAwMDAwLCJ1cGRhdGUiOjEyMDAwMDAwMDAwMH19",
          "dependencies": [
            "module.aws_vpc.aws_vpc.custom_vpc"
          ]
        }
      ]
    },
    {
      "module": "module.aws_vpc",
      "mode": "managed",
      "type": "aws_route_table",
      "name": "public_table",
      "provider": "module.aws_vpc.provider[\"registry.terraform.io/hashicorp/aws\"]",
      "instances": [
        {
          "schema_version": 0,
          "attributes": {
            "arn": "arn:aws:ec2:eu-central-1:940401905947:route-table/rtb-038cda17e60f3c38c",
            "id": "rtb-038cda17e60f3c38c",
            "owner_id": "940401905947",
            "propagating_vgws": [],
            "route": [
              {
                "carrier_gateway_id": "",
                "cidr_block": "0.0.0.0/0",
                "core_network_arn": "",
                "destination_prefix_list_id": "",
                "egress_only_gateway_id": "",
                "gateway_id": "igw-0ec23d25e25241442",
                "instance_id": "",
                "ipv6_cidr_block": "",
                "local_gateway_id": "",
                "nat_gateway_id": "",
                "network_interface_id": "",
                "transit_gateway_id": "",
                "vpc_endpoint_id": "",
                "vpc_peering_connection_id": ""
              }
            ],
            "tags": {},
            "tags_all": {},
            "timeouts": null,
            "vpc_id": "vpc-07ddc8300fdec1db8"
          },
          "sensitive_attributes": [],
          "private": "eyJlMmJmYjczMC1lY2FhLTExZTYtOGY4OC0zNDM2M2JjN2M0YzAiOnsiY3JlYXRlIjozMDAwMDAwMDAwMDAsImRlbGV0ZSI6MzAwMDAwMDAwMDAwLCJ1cGRhdGUiOjEyMDAwMDAwMDAwMH19",
          "dependencies": [
            "module.aws_vpc.aws_vpc.custom_vpc"
          ]
        }
      ]
    },
    {
      "module": "module.aws_vpc",
      "mode": "managed",
      "type": "aws_route_table_association",
      "name": "assoc_private_routes",
      "provider": "module.aws_vpc.provider[\"registry.terraform.io/hashicorp/aws\"]",
      "instances": [
        {
          "index_key": 0,
          "schema_version": 0,
          "attributes": {
            "gateway_id": "",
            "id": "rtbassoc-0e904e968333eb6b2",
            "route_table_id": "rtb-0c676716a32b6cea3",
            "subnet_id": "subnet-08321a3f638ce65cc"
          },
          "sensitive_attributes": [],
          "private": "bnVsbA==",
          "dependencies": [
            "module.aws_vpc.aws_route_table.private_tables",
            "module.aws_vpc.aws_subnet.private_subnets",
            "module.aws_vpc.aws_vpc.custom_vpc"
          ]
        },
        {
          "index_key": 1,
          "schema_version": 0,
          "attributes": {
            "gateway_id": "",
            "id": "rtbassoc-0bd46356d4de86b89",
            "route_table_id": "rtb-0d6998c64a39706b4",
            "subnet_id": "subnet-0536a8a5ee1f66e18"
          },
          "sensitive_attributes": [],
          "private": "bnVsbA==",
          "dependencies": [
            "module.aws_vpc.aws_route_table.private_tables",
            "module.aws_vpc.aws_subnet.private_subnets",
            "module.aws_vpc.aws_vpc.custom_vpc"
          ]
        }
      ]
    },
    {
      "module": "module.aws_vpc",
      "mode": "managed",
      "type": "aws_route_table_association",
      "name": "assoc_public_routes",
      "provider": "module.aws_vpc.provider[\"registry.terraform.io/hashicorp/aws\"]",
      "instances": [
        {
          "index_key": 0,
          "schema_version": 0,
          "attributes": {
            "gateway_id": "",
            "id": "rtbassoc-03e392b106e05c654",
            "route_table_id": "rtb-038cda17e60f3c38c",
            "subnet_id": "subnet-0093dd4d23a5e9647"
          },
          "sensitive_attributes": [],
          "private": "bnVsbA==",
          "dependencies": [
            "module.aws_vpc.aws_route_table.public_table",
            "module.aws_vpc.aws_subnet.public_subnets",
            "module.aws_vpc.aws_vpc.custom_vpc"
          ]
        },
        {
          "index_key": 1,
          "schema_version": 0,
          "attributes": {
            "gateway_id": "",
            "id": "rtbassoc-0f2a71e3a634e78af",
            "route_table_id": "rtb-038cda17e60f3c38c",
            "subnet_id": "subnet-0ddb845b8e6e6dea9"
          },
          "sensitive_attributes": [],
          "private": "bnVsbA==",
          "dependencies": [
            "module.aws_vpc.aws_route_table.public_table",
            "module.aws_vpc.aws_subnet.public_subnets",
            "module.aws_vpc.aws_vpc.custom_vpc"
          ]
        }
      ]
    },
    {
      "module": "module.aws_vpc",
      "mode": "managed",
      "type": "aws_security_group",
      "name": "sec_groups",
      "provider": "module.aws_vpc.provider[\"registry.terraform.io/hashicorp/aws\"]",
      "instances": [
        {
          "index_key": "custom-security-group",
          "schema_version": 1,
          "attributes": {
            "arn": "arn:aws:ec2:eu-central-1:940401905947:security-group/sg-02dc240108d0171f8",
            "description": "Inbound \u0026 Outbound traffic for custom-security-group",
            "egress": [
              {
                "cidr_blocks": [
                  "0.0.0.0/0"
                ],
                "description": "Allow all outbound traffic",
                "from_port": 0,
                "ipv6_cidr_blocks": [
                  "::/0"
                ],
                "prefix_list_ids": [],
                "protocol": "-1",
                "security_groups": [],
                "self": false,
                "to_port": 0
              }
            ],
            "id": "sg-02dc240108d0171f8",
            "ingress": [
              {
                "cidr_blocks": [
                  "0.0.0.0/0"
                ],
                "description": "Allow HTTP",
                "from_port": 80,
                "ipv6_cidr_blocks": [],
                "prefix_list_ids": [],
                "protocol": "tcp",
                "security_groups": [],
                "self": false,
                "to_port": 80
              },
              {
                "cidr_blocks": [
                  "0.0.0.0/0"
                ],
                "description": "Allow HTTPS",
                "from_port": 443,
                "ipv6_cidr_blocks": [],
                "prefix_list_ids": [],
                "protocol": "tcp",
                "security_groups": [],
                "self": false,
                "to_port": 443
              }
            ],
            "name": "custom-security-group",
            "name_prefix": "",
            "owner_id": "940401905947",
            "revoke_rules_on_delete": false,
            "tags": {},
            "tags_all": {},
            "timeouts": null,
            "vpc_id": "vpc-07ddc8300fdec1db8"
          },
          "sensitive_attributes": [],
          "private": "eyJlMmJmYjczMC1lY2FhLTExZTYtOGY4OC0zNDM2M2JjN2M0YzAiOnsiY3JlYXRlIjo2MDAwMDAwMDAwMDAsImRlbGV0ZSI6OTAwMDAwMDAwMDAwfSwic2NoZW1hX3ZlcnNpb24iOiIxIn0=",
          "dependencies": [
            "module.aws_vpc.aws_vpc.custom_vpc"
          ]
        }
      ]
    },
    {
      "module": "module.aws_vpc",
      "mode": "managed",
      "type": "aws_subnet",
      "name": "private_subnets",
      "provider": "module.aws_vpc.provider[\"registry.terraform.io/hashicorp/aws\"]",
      "instances": [
        {
          "index_key": 0,
          "schema_version": 1,
          "attributes": {
            "arn": "arn:aws:ec2:eu-central-1:940401905947:subnet/subnet-08321a3f638ce65cc",
            "assign_ipv6_address_on_creation": false,
            "availability_zone": "eu-central-1a",
            "availability_zone_id": "euc1-az2",
            "cidr_block": "141.0.3.0/24",
            "customer_owned_ipv4_pool": "",
            "enable_dns64": false,
            "enable_resource_name_dns_a_record_on_launch": false,
            "enable_resource_name_dns_aaaa_record_on_launch": false,
            "id": "subnet-08321a3f638ce65cc",
            "ipv6_cidr_block": "",
            "ipv6_cidr_block_association_id": "",
            "ipv6_native": false,
            "map_customer_owned_ip_on_launch": false,
            "map_public_ip_on_launch": false,
            "outpost_arn": "",
            "owner_id": "940401905947",
            "private_dns_hostname_type_on_launch": "ip-name",
            "tags": {
              "Name": "private_subnet-0"
            },
            "tags_all": {
              "Name": "private_subnet-0"
            },
            "timeouts": null,
            "vpc_id": "vpc-07ddc8300fdec1db8"
          },
          "sensitive_attributes": [],
          "private": "eyJlMmJmYjczMC1lY2FhLTExZTYtOGY4OC0zNDM2M2JjN2M0YzAiOnsiY3JlYXRlIjo2MDAwMDAwMDAwMDAsImRlbGV0ZSI6MTIwMDAwMDAwMDAwMH0sInNjaGVtYV92ZXJzaW9uIjoiMSJ9",
          "dependencies": [
            "module.aws_vpc.aws_vpc.custom_vpc"
          ]
        },
        {
          "index_key": 1,
          "schema_version": 1,
          "attributes": {
            "arn": "arn:aws:ec2:eu-central-1:940401905947:subnet/subnet-0536a8a5ee1f66e18",
            "assign_ipv6_address_on_creation": false,
            "availability_zone": "eu-central-1b",
            "availability_zone_id": "euc1-az3",
            "cidr_block": "141.0.4.0/24",
            "customer_owned_ipv4_pool": "",
            "enable_dns64": false,
            "enable_resource_name_dns_a_record_on_launch": false,
            "enable_resource_name_dns_aaaa_record_on_launch": false,
            "id": "subnet-0536a8a5ee1f66e18",
            "ipv6_cidr_block": "",
            "ipv6_cidr_block_association_id": "",
            "ipv6_native": false,
            "map_customer_owned_ip_on_launch": false,
            "map_public_ip_on_launch": false,
            "outpost_arn": "",
            "owner_id": "940401905947",
            "private_dns_hostname_type_on_launch": "ip-name",
            "tags": {
              "Name": "private_subnet-1"
            },
            "tags_all": {
              "Name": "private_subnet-1"
            },
            "timeouts": null,
            "vpc_id": "vpc-07ddc8300fdec1db8"
          },
          "sensitive_attributes": [],
          "private": "eyJlMmJmYjczMC1lY2FhLTExZTYtOGY4OC0zNDM2M2JjN2M0YzAiOnsiY3JlYXRlIjo2MDAwMDAwMDAwMDAsImRlbGV0ZSI6MTIwMDAwMDAwMDAwMH0sInNjaGVtYV92ZXJzaW9uIjoiMSJ9",
          "dependencies": [
            "module.aws_vpc.aws_vpc.custom_vpc"
          ]
        }
      ]
    },
    {
      "module": "module.aws_vpc",
      "mode": "managed",
      "type": "aws_subnet",
      "name": "public_subnets",
      "provider": "module.aws_vpc.provider[\"registry.terraform.io/hashicorp/aws\"]",
      "instances": [
        {
          "index_key": 0,
          "schema_version": 1,
          "attributes": {
            "arn": "arn:aws:ec2:eu-central-1:940401905947:subnet/subnet-0093dd4d23a5e9647",
            "assign_ipv6_address_on_creation": false,
            "availability_zone": "eu-central-1a",
            "availability_zone_id": "euc1-az2",
            "cidr_block": "141.0.1.0/24",
            "customer_owned_ipv4_pool": "",
            "enable_dns64": false,
            "enable_resource_name_dns_a_record_on_launch": false,
            "enable_resource_name_dns_aaaa_record_on_launch": false,
            "id": "subnet-0093dd4d23a5e9647",
            "ipv6_cidr_block": "",
            "ipv6_cidr_block_association_id": "",
            "ipv6_native": false,
            "map_customer_owned_ip_on_launch": false,
            "map_public_ip_on_launch": true,
            "outpost_arn": "",
            "owner_id": "940401905947",
            "private_dns_hostname_type_on_launch": "ip-name",
            "tags": {
              "Name": "public_subnet-0"
            },
            "tags_all": {
              "Name": "public_subnet-0"
            },
            "timeouts": null,
            "vpc_id": "vpc-07ddc8300fdec1db8"
          },
          "sensitive_attributes": [],
          "private": "eyJlMmJmYjczMC1lY2FhLTExZTYtOGY4OC0zNDM2M2JjN2M0YzAiOnsiY3JlYXRlIjo2MDAwMDAwMDAwMDAsImRlbGV0ZSI6MTIwMDAwMDAwMDAwMH0sInNjaGVtYV92ZXJzaW9uIjoiMSJ9",
          "dependencies": [
            "module.aws_vpc.aws_vpc.custom_vpc"
          ]
        },
        {
          "index_key": 1,
          "schema_version": 1,
          "attributes": {
            "arn": "arn:aws:ec2:eu-central-1:940401905947:subnet/subnet-0ddb845b8e6e6dea9",
            "assign_ipv6_address_on_creation": false,
            "availability_zone": "eu-central-1b",
            "availability_zone_id": "euc1-az3",
            "cidr_block": "141.0.2.0/24",
            "customer_owned_ipv4_pool": "",
            "enable_dns64": false,
            "enable_resource_name_dns_a_record_on_launch": false,
            "enable_resource_name_dns_aaaa_record_on_launch": false,
            "id": "subnet-0ddb845b8e6e6dea9",
            "ipv6_cidr_block": "",
            "ipv6_cidr_block_association_id": "",
            "ipv6_native": false,
            "map_customer_owned_ip_on_launch": false,
            "map_public_ip_on_launch": true,
            "outpost_arn": "",
            "owner_id": "940401905947",
            "private_dns_hostname_type_on_launch": "ip-name",
            "tags": {
              "Name": "public_subnet-1"
            },
            "tags_all": {
              "Name": "public_subnet-1"
            },
            "timeouts": null,
            "vpc_id": "vpc-07ddc8300fdec1db8"
          },
          "sensitive_attributes": [],
          "private": "eyJlMmJmYjczMC1lY2FhLTExZTYtOGY4OC0zNDM2M2JjN2M0YzAiOnsiY3JlYXRlIjo2MDAwMDAwMDAwMDAsImRlbGV0ZSI6MTIwMDAwMDAwMDAwMH0sInNjaGVtYV92ZXJzaW9uIjoiMSJ9",
          "dependencies": [
            "module.aws_vpc.aws_vpc.custom_vpc"
          ]
        }
      ]
    },
    {
      "module": "module.aws_vpc",
      "mode": "managed",
      "type": "aws_vpc",
      "name": "custom_vpc",
      "provider": "module.aws_vpc.provider[\"registry.terraform.io/hashicorp/aws\"]",
      "instances": [
        {
          "schema_version": 1,
          "attributes": {
            "arn": "arn:aws:ec2:eu-central-1:940401905947:vpc/vpc-07ddc8300fdec1db8",
            "assign_generated_ipv6_cidr_block": false,
            "cidr_block": "141.0.0.0/16",
            "default_network_acl_id": "acl-0fad2bfea72a42d62",
            "default_route_table_id": "rtb-03a55ca45f9ccb691",
            "default_security_group_id": "sg-03b4cd730500b9264",
            "dhcp_options_id": "dopt-aa3aa5c0",
            "enable_classiclink": false,
            "enable_classiclink_dns_support": false,
            "enable_dns_hostnames": false,
            "enable_dns_support": true,
            "id": "vpc-07ddc8300fdec1db8",
            "instance_tenancy": "default",
            "ipv4_ipam_pool_id": null,
            "ipv4_netmask_length": null,
            "ipv6_association_id": "",
            "ipv6_cidr_block": "",
            "ipv6_cidr_block_network_border_group": "",
            "ipv6_ipam_pool_id": "",
            "ipv6_netmask_length": 0,
            "main_route_table_id": "rtb-03a55ca45f9ccb691",
            "owner_id": "940401905947",
            "tags": {
              "Name": "terraform-vpc"
            },
            "tags_all": {
              "Name": "terraform-vpc"
            }
          },
          "sensitive_attributes": [],
          "private": "eyJzY2hlbWFfdmVyc2lvbiI6IjEifQ=="
        }
      ]
    }
  ]
}
